{
  "name": "proyecto_apps_scip_dev",
  "version": "1.0.0",
  "lockfileVersion": 3,
  "requires": true,
  "packages": {
    "": {
      "name": "proyecto_apps_scip_dev",
      "version": "1.0.0",
      "license": "ISC",
      "dependencies": {
        "@types/google-apps-script": "^1.0.96",
        "tailwindcss": "^4.0.6"
      }
    },
    "node_modules/@types/google-apps-script": {
      "version": "1.0.96",
      "resolved": "https://registry.npmjs.org/@types/google-apps-script/-/google-apps-script-1.0.96.tgz",
      "integrity": "sha512-BcXz3uAyGLKJnNT/dkkn0kaU27/tET/vdnFVi00GgOs6SS7pSyUkPApO/xb6Fzzx2A9UNZ5l8eNvw5v1cfqF9A==",
      "license": "MIT"
    },
    "node_modules/tailwindcss": {
      "version": "4.0.6",
      "resolved": "https://registry.npmjs.org/tailwindcss/-/tailwindcss-4.0.6.tgz",
      "integrity": "sha512-mysewHYJKaXgNOW6pp5xon/emCsfAMnO8WMaGKZZ35fomnR/T5gYnRg2/yRTTrtXiEl1tiVkeRt0eMO6HxEZqw==",
      "license": "MIT"
    }
  }
}
